// !$*UTF8*$!
{
	archiveVersion = 1;
	classes = {
	};
	objectVersion = 46;
	objects = {

/* Begin PBXBuildFile section */
		8C7242C51D0D4F5100EB1451 /* main.m in Sources */ = {isa = PBXBuildFile; fileRef = 8C7242C41D0D4F5100EB1451 /* main.m */; };
		8C7242C81D0D4F5100EB1451 /* AppDelegate.m in Sources */ = {isa = PBXBuildFile; fileRef = 8C7242C71D0D4F5100EB1451 /* AppDelegate.m */; };
		8C7242CB1D0D4F5100EB1451 /* ViewController.m in Sources */ = {isa = PBXBuildFile; fileRef = 8C7242CA1D0D4F5100EB1451 /* ViewController.m */; };
		8C7242CE1D0D4F5100EB1451 /* Main.storyboard in Resources */ = {isa = PBXBuildFile; fileRef = 8C7242CC1D0D4F5100EB1451 /* Main.storyboard */; };
		8C7242D01D0D4F5100EB1451 /* Assets.xcassets in Resources */ = {isa = PBXBuildFile; fileRef = 8C7242CF1D0D4F5100EB1451 /* Assets.xcassets */; };
		8C7242D31D0D4F5100EB1451 /* LaunchScreen.storyboard in Resources */ = {isa = PBXBuildFile; fileRef = 8C7242D11D0D4F5100EB1451 /* LaunchScreen.storyboard */; };
		8C7242E71D0E5C5D00EB1451 /* UIImage+image.m in Sources */ = {isa = PBXBuildFile; fileRef = 8C7242E61D0E5C5D00EB1451 /* UIImage+image.m */; };
		8C7242E91D0E636500EB1451 /* images.jpg in Resources */ = {isa = PBXBuildFile; fileRef = 8C7242E81D0E636500EB1451 /* images.jpg */; };
		8C7242EB1D0E63B500EB1451 /* Saber.jpg in Resources */ = {isa = PBXBuildFile; fileRef = 8C7242EA1D0E63B500EB1451 /* Saber.jpg */; };
/* End PBXBuildFile section */

/* Begin PBXFileReference section */
		8C7242C01D0D4F5100EB1451 /* 微博个人详情界面.app */ = {isa = PBXFileReference; explicitFileType = wrapper.application; includeInIndex = 0; path = "微博个人详情界面.app"; sourceTree = BUILT_PRODUCTS_DIR; };
		8C7242C41D0D4F5100EB1451 /* main.m */ = {isa = PBXFileReference; lastKnownFileType = sourcecode.c.objc; path = main.m; sourceTree = "<group>"; };
		8C7242C61D0D4F5100EB1451 /* AppDelegate.h */ = {isa = PBXFileReference; lastKnownFileType = sourcecode.c.h; path = AppDelegate.h; sourceTree = "<group>"; };
		8C7242C71D0D4F5100EB1451 /* AppDelegate.m */ = {isa = PBXFileReference; lastKnownFileType = sourcecode.c.objc; path = AppDelegate.m; sourceTree = "<group>"; };
		8C7242C91D0D4F5100EB1451 /* ViewController.h */ = {isa = PBXFileReference; lastKnownFileType = sourcecode.c.h; path = ViewController.h; sourceTree = "<group>"; };
		8C7242CA1D0D4F5100EB1451 /* ViewController.m */ = {isa = PBXFileReference; lastKnownFileType = sourcecode.c.objc; path = ViewController.m; sourceTree = "<group>"; };
		8C7242CD1D0D4F5100EB1451 /* Base */ = {isa = PBXFileReference; lastKnownFileType = file.storyboard; name = Base; path = Base.lproj/Main.storyboard; sourceTree = "<group>"; };
		8C7242CF1D0D4F5100EB1451 /* Assets.xcassets */ = {isa = PBXFileReference; lastKnownFileType = folder.assetcatalog; path = Assets.xcassets; sourceTree = "<group>"; };
		8C7242D21D0D4F5100EB1451 /* Base */ = {isa = PBXFileReference; lastKnownFileType = file.storyboard; name = Base; path = Base.lproj/LaunchScreen.storyboard; sourceTree = "<group>"; };
		8C7242D41D0D4F5100EB1451 /* Info.plist */ = {isa = PBXFileReference; lastKnownFileType = text.plist.xml; path = Info.plist; sourceTree = "<group>"; };
		8C7242E51D0E5C5D00EB1451 /* UIImage+image.h */ = {isa = PBXFileReference; fileEncoding = 4; lastKnownFileType = sourcecode.c.h; path = "UIImage+image.h"; sourceTree = "<group>"; };
		8C7242E61D0E5C5D00EB1451 /* UIImage+image.m */ = {isa = PBXFileReference; fileEncoding = 4; lastKnownFileType = sourcecode.c.objc; path = "UIImage+image.m"; sourceTree = "<group>"; };
		8C7242E81D0E636500EB1451 /* images.jpg */ = {isa = PBXFileReference; lastKnownFileType = image.jpeg; path = images.jpg; sourceTree = "<group>"; };
		8C7242EA1D0E63B500EB1451 /* Saber.jpg */ = {isa = PBXFileReference; lastKnownFileType = image.jpeg; path = Saber.jpg; sourceTree = "<group>"; };
/* End PBXFileReference section */

/* Begin PBXFrameworksBuildPhase section */
		8C7242BD1D0D4F5100EB1451 /* Frameworks */ = {
			isa = PBXFrameworksBuildPhase;
			buildActionMask = 2147483647;
			files = (
			);
			runOnlyForDeploymentPostprocessing = 0;
		};
/* End PBXFrameworksBuildPhase section */

/* Begin PBXGroup section */
		8C7242B71D0D4F5100EB1451 = {
			isa = PBXGroup;
			children = (
				8C7242C21D0D4F5100EB1451 /* 微博个人详情界面 */,
				8C7242C11D0D4F5100EB1451 /* Products */,
			);
			sourceTree = "<group>";
		};
		8C7242C11D0D4F5100EB1451 /* Products */ = {
			isa = PBXGroup;
			children = (
				8C7242C01D0D4F5100EB1451 /* 微博个人详情界面.app */,
			);
			name = Products;
			sourceTree = "<group>";
		};
		8C7242C21D0D4F5100EB1451 /* 微博个人详情界面 */ = {
			isa = PBXGroup;
			children = (
				8C7242E01D0D668700EB1451 /* 素材 */,
				8C7242C61D0D4F5100EB1451 /* AppDelegate.h */,
				8C7242C71D0D4F5100EB1451 /* AppDelegate.m */,
				8C7242C91D0D4F5100EB1451 /* ViewController.h */,
				8C7242CA1D0D4F5100EB1451 /* ViewController.m */,
				8C7242E51D0E5C5D00EB1451 /* UIImage+image.h */,
				8C7242E61D0E5C5D00EB1451 /* UIImage+image.m */,
				8C7242CC1D0D4F5100EB1451 /* Main.storyboard */,
				8C7242CF1D0D4F5100EB1451 /* Assets.xcassets */,
				8C7242D11D0D4F5100EB1451 /* LaunchScreen.storyboard */,
				8C7242D41D0D4F5100EB1451 /* Info.plist */,
				8C7242C31D0D4F5100EB1451 /* Supporting Files */,
			);
			path = "微博个人详情界面";
			sourceTree = "<group>";
		};
		8C7242C31D0D4F5100EB1451 /* Supporting Files */ = {
			isa = PBXGroup;
			children = (
				8C7242C41D0D4F5100EB1451 /* main.m */,
			);
			name = "Supporting Files";
			sourceTree = "<group>";
		};
		8C7242E01D0D668700EB1451 /* 素材 */ = {
			isa = PBXGroup;
			children = (
				8C7242E81D0E636500EB1451 /* images.jpg */,
				8C7242EA1D0E63B500EB1451 /* Saber.jpg */,
			);
			path = "素材";
			sourceTree = "<group>";
		};
/* End PBXGroup section */

/* Begin PBXNativeTarget section */
		8C7242BF1D0D4F5100EB1451 /* 微博个人详情界面 */ = {
			isa = PBXNativeTarget;
			buildConfigurationList = 8C7242D71D0D4F5100EB1451 /* Build configuration list for PBXNativeTarget "微博个人详情界面" */;
			buildPhases = (
				8C7242BC1D0D4F5100EB1451 /* Sources */,
				8C7242BD1D0D4F5100EB1451 /* Frameworks */,
				8C7242BE1D0D4F5100EB1451 /* Resources */,
			);
			buildRules = (
			);
			dependencies = (
			);
			name = "微博个人详情界面";
			productName = "微博个人详情界面";
			productReference = 8C7242C01D0D4F5100EB1451 /* 微博个人详情界面.app */;
			productType = "com.apple.product-type.application";
		};
/* End PBXNativeTarget section */

/* Begin PBXProject section */
		8C7242B81D0D4F5100EB1451 /* Project object */ = {
			isa = PBXProject;
			attributes = {
				LastUpgradeCheck = 0730;
				ORGANIZATIONNAME = "熊欣";
				TargetAttributes = {
					8C7242BF1D0D4F5100EB1451 = {
						CreatedOnToolsVersion = 7.3;
					};
				};
			};
			buildConfigurationList = 8C7242BB1D0D4F5100EB1451 /* Build configuration list for PBXProject "微博个人详情界面" */;
			compatibilityVersion = "Xcode 3.2";
			developmentRegion = English;
			hasScannedForEncodings = 0;
			knownRegions = (
				en,
				Base,
			);
			mainGroup = 8C7242B71D0D4F5100EB1451;
			productRefGroup = 8C7242C11D0D4F5100EB1451 /* Products */;
			projectDirPath = "";
			projectRoot = "";
			targets = (
				8C7242BF1D0D4F5100EB1451 /* 微博个人详情界面 */,
			);
		};
/* End PBXProject section */

/* Begin PBXResourcesBuildPhase section */
		8C7242BE1D0D4F5100EB1451 /* Resources */ = {
			isa = PBXResourcesBuildPhase;
			buildActionMask = 2147483647;
			files = (
				8C7242E91D0E636500EB1451 /* images.jpg in Resources */,
				8C7242D31D0D4F5100EB1451 /* LaunchScreen.storyboard in Resources */,
				8C7242D01D0D4F5100EB1451 /* Assets.xcassets in Resources */,
				8C7242EB1D0E63B500EB1451 /* Saber.jpg in Resources */,
				8C7242CE1D0D4F5100EB1451 /* Main.storyboard in Resources */,
			);
			runOnlyForDeploymentPostprocessing = 0;
		};
/* End PBXResourcesBuildPhase section */

/* Begin PBXSourcesBuildPhase section */
		8C7242BC1D0D4F5100EB1451 /* Sources */ = {
			isa = PBXSourcesBuildPhase;
			buildActionMask = 2147483647;
			files = (
				8C7242CB1D0D4F5100EB1451 /* ViewController.m in Sources */,
				8C7242E71D0E5C5D00EB1451 /* UIImage+image.m in Sources */,
				8C7242C81D0D4F5100EB1451 /* AppDelegate.m in Sources */,
				8C7242C51D0D4F5100EB1451 /* main.m in Sources */,
			);
			runOnlyForDeploymentPostprocessing = 0;
		};
/* End PBXSourcesBuildPhase section */

/* Begin PBXVariantGroup section */
		8C7242CC1D0D4F5100EB1451 /* Main.storyboard */ = {
			isa = PBXVariantGroup;
			children = (
				8C7242CD1D0D4F5100EB1451 /* Base */,
			);
			name = Main.storyboard;
			sourceTree = "<group>";
		};
		8C7242D11D0D4F5100EB1451 /* LaunchScreen.storyboard */ = {
			isa = PBXVariantGroup;
			children = (
				8C7242D21D0D4F5100EB1451 /* Base */,
			);
			name = LaunchScreen.storyboard;
			sourceTree = "<group>";
		};
/* End PBXVariantGroup section */

/* Begin XCBuildConfiguration section */
		8C7242D51D0D4F5100EB1451 /* Debug */ = {
			isa = XCBuildConfiguration;
			buildSettings = {
				ALWAYS_SEARCH_USER_PATHS = NO;
				CLANG_ANALYZER_NONNULL = YES;
				CLANG_CXX_LANGUAGE_STANDARD = "gnu++0x";
				CLANG_CXX_LIBRARY = "libc++";
				CLANG_ENABLE_MODULES = YES;
				CLANG_ENABLE_OBJC_ARC = YES;
				CLANG_WARN_BOOL_CONVERSION = YES;
				CLANG_WARN_CONSTANT_CONVERSION = YES;
				CLANG_WARN_DIRECT_OBJC_ISA_USAGE = YES_ERROR;
				CLANG_WARN_EMPTY_BODY = YES;
				CLANG_WARN_ENUM_CONVERSION = YES;
				CLANG_WARN_INT_CONVERSION = YES;
				CLANG_WARN_OBJC_ROOT_CLASS = YES_ERROR;
				CLANG_WARN_UNREACHABLE_CODE = YES;
				CLANG_WARN__DUPLICATE_METHOD_MATCH = YES;
				"CODE_SIGN_IDENTITY[sdk=iphoneos*]" = "iPhone Developer";
				COPY_PHASE_STRIP = NO;
				DEBUG_INFORMATION_FORMAT = dwarf;
				ENABLE_STRICT_OBJC_MSGSEND = YES;
				ENABLE_TESTABILITY = YES;
				GCC_C_LANGUAGE_STANDARD = gnu99;
				GCC_DYNAMIC_NO_PIC = NO;
				GCC_NO_COMMON_BLOCKS = YES;
				GCC_OPTIMIZATION_LEVEL = 0;
				GCC_PREPROCESSOR_DEFINITIONS = (
					"DEBUG=1",
					"$(inherited)",
				);
				GCC_WARN_64_TO_32_BIT_CONVERSION = YES;
				GCC_WARN_ABOUT_RETURN_TYPE = YES_ERROR;
				GCC_WARN_UNDECLARED_SELECTOR = YES;
				GCC_WARN_UNINITIALIZED_AUTOS = YES_AGGRESSIVE;
				GCC_WARN_UNUSED_FUNCTION = YES;
				GCC_WARN_UNUSED_VARIABLE = YES;
				IPHONEOS_DEPLOYMENT_TARGET = 9.3;
				MTL_ENABLE_DEBUG_INFO = YES;
				ONLY_ACTIVE_ARCH = YES;
				SDKROOT = iphoneos;
			};
			name = Debug;
		};
		8C7242D61D0D4F5100EB1451 /* Release */ = {
			isa = XCBuildConfiguration;
			buildSettings = {
				ALWAYS_SEARCH_USER_PATHS = NO;
				CLANG_ANALYZER_NONNULL = YES;
				CLANG_CXX_LANGUAGE_STANDARD = "gnu++0x";
				CLANG_CXX_LIBRARY = "libc++";
				CLANG_ENABLE_MODULES = YES;
				CLANG_ENABLE_OBJC_ARC = YES;
				CLANG_WARN_BOOL_CONVERSION = YES;
				CLANG_WARN_CONSTANT_CONVERSION = YES;
				CLANG_WARN_DIRECT_OBJC_ISA_USAGE = YES_ERROR;
				CLANG_WARN_EMPTY_BODY = YES;
				CLANG_WARN_ENUM_CONVERSION = YES;
				CLANG_WARN_INT_CONVERSION = YES;
				CLANG_WARN_OBJC_ROOT_CLASS = YES_ERROR;
				CLANG_WARN_UNREACHABLE_CODE = YES;
				CLANG_WARN__DUPLICATE_METHOD_MATCH = YES;
				"CODE_SIGN_IDENTITY[sdk=iphoneos*]" = "iPhone Developer";
				COPY_PHASE_STRIP = NO;
				DEBUG_INFORMATION_FORMAT = "dwarf-with-dsym";
				ENABLE_NS_ASSERTIONS = NO;
				ENABLE_STRICT_OBJC_MSGSEND = YES;
				GCC_C_LANGUAGE_STANDARD = gnu99;
				GCC_NO_COMMON_BLOCKS = YES;
				GCC_WARN_64_TO_32_BIT_CONVERSION = YES;
				GCC_WARN_ABOUT_RETURN_TYPE = YES_ERROR;
				GCC_WARN_UNDECLARED_SELECTOR = YES;
				GCC_WARN_UNINITIALIZED_AUTOS = YES_AGGRESSIVE;
				GCC_WARN_UNUSED_FUNCTION = YES;
				GCC_WARN_UNUSED_VARIABLE = YES;
				IPHONEOS_DEPLOYMENT_TARGET = 9.3;
				MTL_ENABLE_DEBUG_INFO = NO;
				SDKROOT = iphoneos;
				VALIDATE_PRODUCT = YES;
			};
			name = Release;
		};
		8C7242D81D0D4F5100EB1451 /* Debug */ = {
			isa = XCBuildConfiguration;
			buildSettings = {
				ASSETCATALOG_COMPILER_APPICON_NAME = AppIcon;
				INFOPLIST_FILE = "微博个人详情界面/Info.plist";
				LD_RUNPATH_SEARCH_PATHS = "$(inherited) @executable_path/Frameworks";
				PRODUCT_BUNDLE_IDENTIFIER = "xx.--------";
				PRODUCT_NAME = "$(TARGET_NAME)";
			};
			name = Debug;
		};
		8C7242D91D0D4F5100EB1451 /* Release */ = {
			isa = XCBuildConfiguration;
			buildSettings = {
				ASSETCATALOG_COMPILER_APPICON_NAME = AppIcon;
				INFOPLIST_FILE = "微博个人详情界面/Info.plist";
				LD_RUNPATH_SEARCH_PATHS = "$(inherited) @executable_path/Frameworks";
				PRODUCT_BUNDLE_IDENTIFIER = "xx.--------";
				PRODUCT_NAME = "$(TARGET_NAME)";
			};
			name = Release;
		};
/* End XCBuildConfiguration section */

/* Begin XCConfigurationList section */
		8C7242BB1D0D4F5100EB1451 /* Build configuration list for PBXProject "微博个人详情界面" */ = {
			isa = XCConfigurationList;
			buildConfigurations = (
				8C7242D51D0D4F5100EB1451 /* Debug */,
				8C7242D61D0D4F5100EB1451 /* Release */,
			);
			defaultConfigurationIsVisible = 0;
			defaultConfigurationName = Release;
		};
		8C7242D71D0D4F5100EB1451 /* Build configuration list for PBXNativeTarget "微博个人详情界面" */ = {
			isa = XCConfigurationList;
			buildConfigurations = (
				8C7242D81D0D4F5100EB1451 /* Debug */,
				8C7242D91D0D4F5100EB1451 /* Release */,
			);
			defaultConfigurationIsVisible = 0;
		};
/* End XCConfigurationList section */
	};
	rootObject = 8C7242B81D0D4F5100EB1451 /* Project object */;
}
